{
  "requires": true,
  "lockfileVersion": 1,
  "dependencies": {
    "@babel/runtime": {
      "version": "7.12.1",
      "resolved": "https://registry.npmjs.org/@babel/runtime/-/runtime-7.12.1.tgz",
      "integrity": "sha512-J5AIf3vPj3UwXaAzb5j1xM4WAQDX3EMgemF8rjCP3SoW09LfRKAXQKt6CoVYl230P6iWdRcBbnLDDdnqWxZSCA==",
      "requires": {
        "regenerator-runtime": "^0.13.4"
      }
    },
    "@fluentui/date-time-utilities": {
      "version": "7.9.0",
      "resolved": "https://registry.npmjs.org/@fluentui/date-time-utilities/-/date-time-utilities-7.9.0.tgz",
      "integrity": "sha512-D8p5WWeonqRO1EgIvo7WSlX1rcm87r2VQd62zTJPQImx8rpwc77CRI+iAvfxyVHRZMdt4Qk6Jq99dUaudPWaZw==",
      "requires": {
        "@uifabric/set-version": "^7.0.23",
        "tslib": "^1.10.0"
      }
    },
    "@fluentui/dom-utilities": {
      "version": "1.1.1",
      "resolved": "https://registry.npmjs.org/@fluentui/dom-utilities/-/dom-utilities-1.1.1.tgz",
      "integrity": "sha512-w40gi8fzCpwa7U8cONiuu8rszPStkVOL/weDf5pCbYEb1gdaV7MDPSNkgM6IV0Kz+k017noDgK9Fv4ru1Dwz1g==",
      "requires": {
        "@uifabric/set-version": "^7.0.23",
        "tslib": "^1.10.0"
      }
    },
    "@fluentui/keyboard-key": {
      "version": "0.2.12",
      "resolved": "https://registry.npmjs.org/@fluentui/keyboard-key/-/keyboard-key-0.2.12.tgz",
      "integrity": "sha512-t3yIbbPKJubb22vQ/FIWwS9vFAzaPYzFxKWPHVWLtxs/P+5yL+LD3B16DRtYreWAdl9CZvEbos58ChLZ0KHwSQ==",
      "requires": {
        "tslib": "^1.10.0"
      }
    },
    "@fluentui/react": {
      "version": "7.147.1",
      "resolved": "https://registry.npmjs.org/@fluentui/react/-/react-7.147.1.tgz",
      "integrity": "sha512-Zk3MygGDVEHrgKi1M12ETozWRxQ0Go8O9RP/mXqWQUHcXK++KfAO6xJZTpMKQ9o18Sb/ZQwjIrYPpYc6JwuyfA==",
      "requires": {
        "@uifabric/set-version": "^7.0.23",
        "office-ui-fabric-react": "^7.147.1",
        "tslib": "^1.10.0"
      }
    },
    "@fluentui/react-compose": {
      "version": "0.19.6",
      "resolved": "https://registry.npmjs.org/@fluentui/react-compose/-/react-compose-0.19.6.tgz",
      "integrity": "sha512-+YVTIGRuYZljiHYJrnUZNelCodX+OEW6RhKvRxYsze/tve6HkidugD3W6KlZ6y8aHnTpPwnmbyfbilB3jxDKdQ==",
      "requires": {
        "@types/classnames": "^2.2.9",
        "@uifabric/set-version": "^7.0.23",
        "@uifabric/utilities": "^7.32.4",
        "classnames": "^2.2.6",
        "tslib": "^1.10.0"
      }
    },
    "@fluentui/react-focus": {
      "version": "7.16.13",
      "resolved": "https://registry.npmjs.org/@fluentui/react-focus/-/react-focus-7.16.13.tgz",
      "integrity": "sha512-MWyI64GSEZigYe75aCy8VGGIr/tWwk+H8oqPxamoVOHef4kCqYm/70mhrDpBP1oAhJVmdY/Lia6dtkIz3J9wgw==",
      "requires": {
        "@fluentui/keyboard-key": "^0.2.12",
        "@uifabric/merge-styles": "^7.19.1",
        "@uifabric/set-version": "^7.0.23",
        "@uifabric/styling": "^7.16.13",
        "@uifabric/utilities": "^7.32.4",
        "tslib": "^1.10.0"
      }
    },
    "@fluentui/react-stylesheets": {
      "version": "0.2.3",
      "resolved": "https://registry.npmjs.org/@fluentui/react-stylesheets/-/react-stylesheets-0.2.3.tgz",
      "integrity": "sha512-rHUTi5gKB/+Ar/ioPZzTiThrKg68AKfQI2ALRB5+xI7mm8P1PJcrrYrWC6jl9c0kz44M+XpVXDcS/ktRTqQH5w==",
      "requires": {
        "@uifabric/set-version": "^7.0.23",
        "tslib": "^1.10.0"
      }
    },
    "@fluentui/react-theme-provider": {
      "version": "0.16.2",
      "resolved": "https://registry.npmjs.org/@fluentui/react-theme-provider/-/react-theme-provider-0.16.2.tgz",
      "integrity": "sha512-gqgErNF2uxqtnLhKmFzvoOmR/nufVZlrpCNyw1nGVFKwIuD70K7xlNw3XQ0tA8C4O9fgXF6romq2FmodTFTzvw==",
      "requires": {
        "@fluentui/react-compose": "^0.19.6",
        "@fluentui/react-stylesheets": "^0.2.3",
        "@fluentui/react-window-provider": "^0.3.3",
        "@fluentui/theme": "^1.5.1",
        "@uifabric/merge-styles": "^7.19.1",
        "@uifabric/set-version": "^7.0.23",
        "@uifabric/utilities": "^7.32.4",
        "classnames": "^2.2.6",
        "tslib": "^1.10.0"
      }
    },
    "@fluentui/react-window-provider": {
      "version": "0.3.3",
      "resolved": "https://registry.npmjs.org/@fluentui/react-window-provider/-/react-window-provider-0.3.3.tgz",
      "integrity": "sha512-MVPf2hqOQ17LAZsuvGcr3oOHksAskUm+fCYdXFhbVoAgsCDVTIuH6i8XgHFd6YjBtzjZmI4+k/3NTQfDqBX8EQ==",
      "requires": {
        "@uifabric/set-version": "^7.0.23",
        "tslib": "^1.10.0"
      }
    },
    "@fluentui/theme": {
      "version": "1.5.1",
      "resolved": "https://registry.npmjs.org/@fluentui/theme/-/theme-1.5.1.tgz",
      "integrity": "sha512-w5986/CN3hWuH44WmlQNxtndBx0khnb1xjISb/4bktRpehYxIlDBmQYRUOUYXr6zwdK7JXJaJPGjOJzSh2DCDg==",
      "requires": {
        "@uifabric/merge-styles": "^7.19.1",
        "@uifabric/set-version": "^7.0.23",
        "@uifabric/utilities": "^7.32.4",
        "tslib": "^1.10.0"
      }
    },
    "@microsoft/load-themed-styles": {
      "version": "1.10.116",
      "resolved": "https://registry.npmjs.org/@microsoft/load-themed-styles/-/load-themed-styles-1.10.116.tgz",
      "integrity": "sha512-m/C0LgTYTnvp9mmwszBhQJMRu685UKKmmiUgPWp2pOo/BY6wVmi+cWRvtJivxMoqbYyjwUAkoq77s1fgth4aVw=="
    },
    "@types/classnames": {
      "version": "2.2.10",
      "resolved": "https://registry.npmjs.org/@types/classnames/-/classnames-2.2.10.tgz",
      "integrity": "sha512-1UzDldn9GfYYEsWWnn/P4wkTlkZDH7lDb0wBMGbtIQc9zXEQq7FlKBdZUn6OBqD8sKZZ2RQO2mAjGpXiDGoRmQ=="
    },
    "@ui5/webcomponents-react-base": {
      "version": "0.11.2",
      "resolved": "https://registry.npmjs.org/@ui5/webcomponents-react-base/-/webcomponents-react-base-0.11.2.tgz",
      "integrity": "sha512-TSqktz0SDIIl7D1lzRn025kY3SBp6B6CV3RcAeK5zozGnqD+stX01FPgyaomdnP838zBsE1NNW74+djI/NH2Mg==",
      "requires": {
        "@babel/runtime": "7.12.1",
        "core-js": "3.6.5",
        "intersection-observer": "0.11.0",
        "resize-observer-polyfill": "1.5.1",
        "smoothscroll-polyfill": "0.4.4"
      }
    },
    "@ui5/webcomponents-react-charts": {
      "version": "0.11.2",
      "resolved": "https://registry.npmjs.org/@ui5/webcomponents-react-charts/-/webcomponents-react-charts-0.11.2.tgz",
      "integrity": "sha512-/iysRl3qqgzs5JLRb+9KakDebirYsUYD5ePT7QsBYQIzK7C23i6W0SxW4MqytCbfC8dSTKLlYmmo2FjRJLvIBQ==",
      "requires": {
        "@babel/runtime": "7.12.1",
        "lodash": "^4.17.20",
        "react-content-loader": "5.1.3",
        "recharts": "2.0.0-beta.7"
      }
    },
    "@uifabric/example-data": {
      "version": "7.1.5",
      "resolved": "https://registry.npmjs.org/@uifabric/example-data/-/example-data-7.1.5.tgz",
      "integrity": "sha512-lbwhvK8DTdktsnzSS/5A1dnv0xSBAVHUOEjuowll0NR2rmUGOqCMvMprs8tRwGDqFuZjxM0PKoX5Oa4DnnDN+g==",
      "requires": {
        "tslib": "^1.10.0"
      }
    },
    "@uifabric/file-type-icons": {
      "version": "7.6.14",
      "resolved": "https://registry.npmjs.org/@uifabric/file-type-icons/-/file-type-icons-7.6.14.tgz",
      "integrity": "sha512-CMC7ZTH12whhEXTy4/9Bqc1nXWyguD6o6u7ylpoZB1qPUiZQfRN3XHynuykIlWJOTD3YWkwuoLKHXzWSmGOPPw==",
      "requires": {
        "@uifabric/set-version": "^7.0.23",
        "@uifabric/styling": "^7.16.13",
        "tslib": "^1.10.0"
      }
    },
    "@uifabric/foundation": {
      "version": "7.9.14",
      "resolved": "https://registry.npmjs.org/@uifabric/foundation/-/foundation-7.9.14.tgz",
      "integrity": "sha512-AWsSt28+mid44YPofHB8N1nm4C0QmLJ9WXFps5GyjaBHES6/4bfJ7rKzYioa5bN0TxElyK8rRHzwqKNQhWDBYA==",
      "requires": {
        "@uifabric/merge-styles": "^7.19.1",
        "@uifabric/set-version": "^7.0.23",
        "@uifabric/styling": "^7.16.13",
        "@uifabric/utilities": "^7.32.4",
        "tslib": "^1.10.0"
      }
    },
    "@uifabric/icons": {
      "version": "7.5.12",
      "resolved": "https://registry.npmjs.org/@uifabric/icons/-/icons-7.5.12.tgz",
      "integrity": "sha512-VIqj4oMwi4HJPqH3+3RblLoYjPfYzjVyZ8Kk57dmA7tj+vbM38Zn9vObe+Xg/EVEfohD3kD0fyEqPmnEqY17Pg==",
      "requires": {
        "@uifabric/set-version": "^7.0.23",
        "@uifabric/styling": "^7.16.13",
        "tslib": "^1.10.0"
      }
    },
    "@uifabric/merge-styles": {
      "version": "7.19.1",
      "resolved": "https://registry.npmjs.org/@uifabric/merge-styles/-/merge-styles-7.19.1.tgz",
      "integrity": "sha512-yqUwmk62Kgu216QNPE9vOfS3h0kiSbTvoqM5QcZi+IzpqsBOlzZx3A9Er9UiDaqHRd5lsYF5pO/jeUULmBWF/A==",
      "requires": {
        "@uifabric/set-version": "^7.0.23",
        "tslib": "^1.10.0"
      }
    },
    "@uifabric/react-cards": {
      "version": "0.113.16",
      "resolved": "https://registry.npmjs.org/@uifabric/react-cards/-/react-cards-0.113.16.tgz",
      "integrity": "sha512-ctc6AKPcQLvKIRtDiAFuN+HEzA4Heq67yNzI5Xpe1ityz43uBGps2veSBJxp+Bae+Pqz+3RUReANATqEy2q8bA==",
      "requires": {
        "@fluentui/keyboard-key": "^0.2.12",
        "@fluentui/react-compose": "^0.19.6",
        "@fluentui/react-theme-provider": "^0.16.2",
        "@fluentui/theme": "^1.5.1",
        "@microsoft/load-themed-styles": "^1.10.26",
        "@uifabric/example-data": "^7.1.5",
        "@uifabric/file-type-icons": "^7.6.14",
        "@uifabric/foundation": "^7.9.14",
        "@uifabric/react-hooks": "^7.13.6",
        "@uifabric/set-version": "^7.0.23",
        "@uifabric/styling": "^7.16.13",
        "@uifabric/theme-samples": "^7.1.33",
        "@uifabric/utilities": "^7.32.4",
        "office-ui-fabric-react": "^7.147.1",
        "tslib": "^1.10.0"
      }
    },
    "@uifabric/react-hooks": {
      "version": "7.13.6",
      "resolved": "https://registry.npmjs.org/@uifabric/react-hooks/-/react-hooks-7.13.6.tgz",
      "integrity": "sha512-DvfphxrTsjo3oYioRZ0D8mXdpxWQhhIHeWk1cfdq0MVGqRyKM+cm++9pJpvItFvnTNba38jzKdggqRSUWi+clg==",
      "requires": {
        "@fluentui/react-window-provider": "^0.3.3",
        "@uifabric/set-version": "^7.0.23",
        "@uifabric/utilities": "^7.32.4",
        "tslib": "^1.10.0"
      }
    },
    "@uifabric/set-version": {
      "version": "7.0.23",
      "resolved": "https://registry.npmjs.org/@uifabric/set-version/-/set-version-7.0.23.tgz",
      "integrity": "sha512-9E+YKtnH2kyMKnK9XZZsqyM8OCxEJIIfxtaThTlQpYOzrWAGJxQADFbZ7+Usi0U2xHnWNPFROjq+B9ocEzhqMA==",
      "requires": {
        "tslib": "^1.10.0"
      }
    },
    "@uifabric/styling": {
      "version": "7.16.13",
      "resolved": "https://registry.npmjs.org/@uifabric/styling/-/styling-7.16.13.tgz",
      "integrity": "sha512-jj5FH7XuQXz8HgRhCXNApeUAynDBv2nfmTpzHawE55x7YR+oliQfsJSY8Ow4YbLAazIR5BuW1n9eKuGxxmIw1w==",
      "requires": {
        "@fluentui/theme": "^1.5.1",
        "@microsoft/load-themed-styles": "^1.10.26",
        "@uifabric/merge-styles": "^7.19.1",
        "@uifabric/set-version": "^7.0.23",
        "@uifabric/utilities": "^7.32.4",
        "tslib": "^1.10.0"
      }
    },
    "@uifabric/theme-samples": {
      "version": "7.1.33",
      "resolved": "https://registry.npmjs.org/@uifabric/theme-samples/-/theme-samples-7.1.33.tgz",
      "integrity": "sha512-AJU8mq1jIo2q0oO1xlwcGC7m79y4dBzXPzKNPVYT4vFZnTvA/hFU8nPQQ4HSapVVMhLZCboWZ6HwdcZfpPT7tg==",
      "requires": {
        "@fluentui/theme": "^1.5.1",
        "@uifabric/set-version": "^7.0.23",
        "@uifabric/variants": "^7.2.26",
        "office-ui-fabric-react": "^7.147.1",
        "tslib": "^1.10.0"
      }
    },
    "@uifabric/utilities": {
      "version": "7.32.4",
      "resolved": "https://registry.npmjs.org/@uifabric/utilities/-/utilities-7.32.4.tgz",
      "integrity": "sha512-IKZc03uyfTrgcCGSPAUWfFl9CyxzpSrxrYwAuO4NgDEySdOlkYBRwsRUh6UwWfM+sJdhg7Y3nupzNU3VSC/arg==",
      "requires": {
        "@fluentui/dom-utilities": "^1.1.1",
        "@uifabric/merge-styles": "^7.19.1",
        "@uifabric/set-version": "^7.0.23",
        "prop-types": "^15.7.2",
        "tslib": "^1.10.0"
      }
    },
    "@uifabric/variants": {
      "version": "7.2.26",
      "resolved": "https://registry.npmjs.org/@uifabric/variants/-/variants-7.2.26.tgz",
      "integrity": "sha512-tSLiCP2aVT1Zn3gRBobvzvexJx0kzD/TJ2Il56WlVYLRD0X6wDDO5J+ort0rGUGlJNTvDNZas4v/aNu/96o/mw==",
      "requires": {
        "@fluentui/theme": "^1.5.1",
        "@uifabric/set-version": "^7.0.23",
        "tslib": "^1.10.0"
      }
    },
    "classnames": {
      "version": "2.2.6",
      "resolved": "https://registry.npmjs.org/classnames/-/classnames-2.2.6.tgz",
      "integrity": "sha512-JR/iSQOSt+LQIWwrwEzJ9uk0xfN3mTVYMwt1Ir5mUcSN6pU+V4zQFFaJsclJbPuAUQH+yfWef6tm7l1quW3C8Q=="
    },
    "core-js": {
      "version": "3.6.5",
      "resolved": "https://registry.npmjs.org/core-js/-/core-js-3.6.5.tgz",
      "integrity": "sha512-vZVEEwZoIsI+vPEuoF9Iqf5H7/M3eeQqWlQnYa8FSKKePuYTf5MWnxb5SDAzCa60b3JBRS5g9b+Dq7b1y/RCrA=="
    },
    "css-unit-converter": {
      "version": "1.1.2",
      "resolved": "https://registry.npmjs.org/css-unit-converter/-/css-unit-converter-1.1.2.tgz",
      "integrity": "sha512-IiJwMC8rdZE0+xiEZHeru6YoONC4rfPMqGm2W85jMIbkFvv5nFTwJVFHam2eFrN6txmoUYFAFXiv8ICVeTO0MA=="
    },
    "d3-array": {
      "version": "2.8.0",
      "resolved": "https://registry.npmjs.org/d3-array/-/d3-array-2.8.0.tgz",
      "integrity": "sha512-6V272gsOeg7+9pTW1jSYOR1QE37g95I3my1hBmY+vOUNHRrk9yt4OTz/gK7PMkVAVDrYYq4mq3grTiZ8iJdNIw=="
    },
    "d3-color": {
      "version": "1.4.1",
      "resolved": "https://registry.npmjs.org/d3-color/-/d3-color-1.4.1.tgz",
      "integrity": "sha512-p2sTHSLCJI2QKunbGb7ocOh7DgTAn8IrLx21QRc/BSnodXM4sv6aLQlnfpvehFMLZEfBc6g9pH9SWQccFYfJ9Q=="
    },
    "d3-format": {
      "version": "2.0.0",
      "resolved": "https://registry.npmjs.org/d3-format/-/d3-format-2.0.0.tgz",
      "integrity": "sha512-Ab3S6XuE/Q+flY96HXT0jOXcM4EAClYFnRGY5zsjRGNy6qCYrQsMffs7cV5Q9xejb35zxW5hf/guKw34kvIKsA=="
    },
    "d3-interpolate": {
      "version": "1.4.0",
      "resolved": "https://registry.npmjs.org/d3-interpolate/-/d3-interpolate-1.4.0.tgz",
      "integrity": "sha512-V9znK0zc3jOPV4VD2zZn0sDhZU3WAE2bmlxdIwwQPPzPjvyLkd8B3JUVdS1IDUFDkWZ72c9qnv1GK2ZagTZ8EA==",
      "requires": {
        "d3-color": "1"
      }
    },
    "d3-path": {
      "version": "1.0.9",
      "resolved": "https://registry.npmjs.org/d3-path/-/d3-path-1.0.9.tgz",
      "integrity": "sha512-VLaYcn81dtHVTjEHd8B+pbe9yHWpXKZUC87PzoFmsFrJqgFwDe/qxfp5MlfsfM1V5E/iVt0MmEbWQ7FVIXh/bg=="
    },
    "d3-scale": {
      "version": "3.2.3",
      "resolved": "https://registry.npmjs.org/d3-scale/-/d3-scale-3.2.3.tgz",
      "integrity": "sha512-8E37oWEmEzj57bHcnjPVOBS3n4jqakOeuv1EDdQSiSrYnMCBdMd3nc4HtKk7uia8DUHcY/CGuJ42xxgtEYrX0g==",
      "requires": {
        "d3-array": "^2.3.0",
        "d3-format": "1 - 2",
        "d3-interpolate": "1.2.0 - 2",
        "d3-time": "1 - 2",
        "d3-time-format": "2 - 3"
      }
    },
    "d3-shape": {
      "version": "1.3.7",
      "resolved": "https://registry.npmjs.org/d3-shape/-/d3-shape-1.3.7.tgz",
      "integrity": "sha512-EUkvKjqPFUAZyOlhY5gzCxCeI0Aep04LwIRpsZ/mLFelJiUfnK56jo5JMDSE7yyP2kLSb6LtF+S5chMk7uqPqw==",
      "requires": {
        "d3-path": "1"
      }
    },
    "d3-time": {
      "version": "2.0.0",
      "resolved": "https://registry.npmjs.org/d3-time/-/d3-time-2.0.0.tgz",
      "integrity": "sha512-2mvhstTFcMvwStWd9Tj3e6CEqtOivtD8AUiHT8ido/xmzrI9ijrUUihZ6nHuf/vsScRBonagOdj0Vv+SEL5G3Q=="
    },
    "d3-time-format": {
      "version": "3.0.0",
      "resolved": "https://registry.npmjs.org/d3-time-format/-/d3-time-format-3.0.0.tgz",
      "integrity": "sha512-UXJh6EKsHBTjopVqZBhFysQcoXSv/5yLONZvkQ5Kk3qbwiUYkdX17Xa1PT6U1ZWXGGfB1ey5L8dKMlFq2DO0Ag==",
      "requires": {
        "d3-time": "1 - 2"
      }
    },
    "decimal.js-light": {
      "version": "2.5.1",
      "resolved": "https://registry.npmjs.org/decimal.js-light/-/decimal.js-light-2.5.1.tgz",
      "integrity": "sha512-qIMFpTMZmny+MMIitAB6D7iVPEorVw6YQRWkvarTkT4tBeSLLiHzcwj6q0MmYSFCiVpiqPJTJEYIrpcPzVEIvg=="
    },
    "dom-helpers": {
      "version": "3.4.0",
      "resolved": "https://registry.npmjs.org/dom-helpers/-/dom-helpers-3.4.0.tgz",
      "integrity": "sha512-LnuPJ+dwqKDIyotW1VzmOZ5TONUN7CwkCR5hrgawTUbkBGYdeoNLZo6nNfGkCrjtE1nXXaj7iMMpDa8/d9WoIA==",
      "requires": {
        "@babel/runtime": "^7.1.2"
      }
    },
    "eventemitter3": {
      "version": "4.0.7",
      "resolved": "https://registry.npmjs.org/eventemitter3/-/eventemitter3-4.0.7.tgz",
      "integrity": "sha512-8guHBZCwKnFhYdHr2ysuRWErTwhoN2X8XELRlrRwpmfeY2jjuUN4taQMsULKUVo1K4DvZl+0pgfyoysHxvmvEw=="
    },
    "history": {
      "version": "4.10.1",
      "resolved": "https://registry.npmjs.org/history/-/history-4.10.1.tgz",
      "integrity": "sha512-36nwAD620w12kuzPAsyINPWJqlNbij+hpK1k9XRloDtym8mxzGYl2c17LnV6IAGB2Dmg4tEa7G7DlawS0+qjew==",
      "requires": {
        "@babel/runtime": "^7.1.2",
        "loose-envify": "^1.2.0",
        "resolve-pathname": "^3.0.0",
        "tiny-invariant": "^1.0.2",
        "tiny-warning": "^1.0.0",
        "value-equal": "^1.0.1"
      }
    },
    "hoist-non-react-statics": {
      "version": "3.3.2",
      "resolved": "https://registry.npmjs.org/hoist-non-react-statics/-/hoist-non-react-statics-3.3.2.tgz",
      "integrity": "sha512-/gGivxi8JPKWNm/W0jSmzcMPpfpPLc3dY/6GxhX2hQ9iGj3aDfklV4ET7NjKpSinLpJ5vafa9iiGIEZg10SfBw==",
      "requires": {
        "react-is": "^16.7.0"
      }
    },
    "intersection-observer": {
      "version": "0.11.0",
      "resolved": "https://registry.npmjs.org/intersection-observer/-/intersection-observer-0.11.0.tgz",
      "integrity": "sha512-KZArj2QVnmdud9zTpKf279m2bbGfG+4/kn16UU0NL3pTVl52ZHiJ9IRNSsnn6jaHrL9EGLFM5eWjTx2fz/+zoQ=="
    },
    "isarray": {
      "version": "0.0.1",
      "resolved": "https://registry.npmjs.org/isarray/-/isarray-0.0.1.tgz",
      "integrity": "sha1-ihis/Kmo9Bd+Cav8YDiTmwXR7t8="
    },
    "js-tokens": {
      "version": "4.0.0",
      "resolved": "https://registry.npmjs.org/js-tokens/-/js-tokens-4.0.0.tgz",
      "integrity": "sha512-RdJUflcE3cUzKiMqQgsCu06FPu9UdIJO0beYbPhHN4k6apgJtifcoCtT9bcxOpYBtpD2kCM6Sbzg4CausW/PKQ=="
    },
    "lodash": {
      "version": "4.17.20",
      "resolved": "https://registry.npmjs.org/lodash/-/lodash-4.17.20.tgz",
      "integrity": "sha512-PlhdFcillOINfeV7Ni6oF1TAEayyZBoZ8bcshTHqOYJYlrqzRK5hagpagky5o4HfCzzd1TRkXPMFq6cKk9rGmA=="
    },
    "lodash-es": {
      "version": "4.17.21",
      "resolved": "https://registry.npmjs.org/lodash-es/-/lodash-es-4.17.21.tgz",
      "integrity": "sha512-mKnC+QJ9pWVzv+C4/U3rRsHapFfHvQFoFB92e52xeyGMcX6/OlIl78je1u8vePzYZSkkogMPJ2yjxxsb89cxyw=="
    },
    "loose-envify": {
      "version": "1.4.0",
      "resolved": "https://registry.npmjs.org/loose-envify/-/loose-envify-1.4.0.tgz",
      "integrity": "sha512-lyuxPGr/Wfhrlem2CL/UcnUc1zcqKAImBDzukY7Y5F/yQiNdko6+fRLevlw1HgMySw7f611UIY408EtxRSoK3Q==",
      "requires": {
        "js-tokens": "^3.0.0 || ^4.0.0"
      }
    },
    "mini-create-react-context": {
      "version": "0.4.1",
      "resolved": "https://registry.npmjs.org/mini-create-react-context/-/mini-create-react-context-0.4.1.tgz",
      "integrity": "sha512-YWCYEmd5CQeHGSAKrYvXgmzzkrvssZcuuQDDeqkT+PziKGMgE+0MCCtcKbROzocGBG1meBLl2FotlRwf4gAzbQ==",
      "requires": {
        "@babel/runtime": "^7.12.1",
        "tiny-warning": "^1.0.3"
      }
    },
    "object-assign": {
      "version": "4.1.1",
      "resolved": "https://registry.npmjs.org/object-assign/-/object-assign-4.1.1.tgz",
      "integrity": "sha1-IQmtx5ZYh8/AXLvUQsrIv7s2CGM="
    },
    "office-ui-fabric-react": {
      "version": "7.147.1",
      "resolved": "https://registry.npmjs.org/office-ui-fabric-react/-/office-ui-fabric-react-7.147.1.tgz",
      "integrity": "sha512-nG3h14lvWoTqcO8wxabIDozw84vV0ZtoUvDe6g8QEKsG1oRHaDe8WhCkCy8XCPnsy7f/5aItlbum7AyZtKdgBQ==",
      "requires": {
        "@fluentui/date-time-utilities": "^7.9.0",
        "@fluentui/react-focus": "^7.16.13",
        "@fluentui/react-window-provider": "^0.3.3",
        "@microsoft/load-themed-styles": "^1.10.26",
        "@uifabric/foundation": "^7.9.14",
        "@uifabric/icons": "^7.5.12",
        "@uifabric/merge-styles": "^7.19.1",
        "@uifabric/react-hooks": "^7.13.6",
        "@uifabric/set-version": "^7.0.23",
        "@uifabric/styling": "^7.16.13",
        "@uifabric/utilities": "^7.32.4",
        "prop-types": "^15.7.2",
        "tslib": "^1.10.0"
      }
    },
    "path-to-regexp": {
      "version": "1.8.0",
      "resolved": "https://registry.npmjs.org/path-to-regexp/-/path-to-regexp-1.8.0.tgz",
      "integrity": "sha512-n43JRhlUKUAlibEJhPeir1ncUID16QnEjNpwzNdO3Lm4ywrBpBZ5oLD0I6br9evr1Y9JTqwRtAh7JLoOzAQdVA==",
      "requires": {
        "isarray": "0.0.1"
      }
    },
    "performance-now": {
      "version": "2.1.0",
      "resolved": "https://registry.npmjs.org/performance-now/-/performance-now-2.1.0.tgz",
      "integrity": "sha1-Ywn04OX6kT7BxpMHrjZLSzd8nns="
    },
    "postcss-value-parser": {
      "version": "3.3.1",
      "resolved": "https://registry.npmjs.org/postcss-value-parser/-/postcss-value-parser-3.3.1.tgz",
      "integrity": "sha512-pISE66AbVkp4fDQ7VHBwRNXzAAKJjw4Vw7nWI/+Q3vuly7SNfgYXvm6i5IgFylHGK5sP/xHAbB7N49OS4gWNyQ=="
    },
    "prop-types": {
      "version": "15.7.2",
      "resolved": "https://registry.npmjs.org/prop-types/-/prop-types-15.7.2.tgz",
      "integrity": "sha512-8QQikdH7//R2vurIJSutZ1smHYTcLpRWEOlHnzcWHmBYrOGUysKwSsrC89BCiFj3CbrfJ/nXFdJepOVrY1GCHQ==",
      "requires": {
        "loose-envify": "^1.4.0",
        "object-assign": "^4.1.1",
        "react-is": "^16.8.1"
      }
    },
    "raf": {
      "version": "3.4.1",
      "resolved": "https://registry.npmjs.org/raf/-/raf-3.4.1.tgz",
      "integrity": "sha512-Sq4CW4QhwOHE8ucn6J34MqtZCeWFP2aQSmrlroYgqAV1PjStIhJXxYuTgUIfkEk7zTLjmIjLmU5q+fbD1NnOJA==",
      "requires": {
        "performance-now": "^2.1.0"
      }
    },
    "raf-schd": {
      "version": "4.0.2",
      "resolved": "https://registry.npmjs.org/raf-schd/-/raf-schd-4.0.2.tgz",
      "integrity": "sha512-VhlMZmGy6A6hrkJWHLNTGl5gtgMUm+xfGza6wbwnE914yeQ5Ybm18vgM734RZhMgfw4tacUrWseGZlpUrrakEQ=="
    },
    "react-content-loader": {
      "version": "5.1.3",
      "resolved": "https://registry.npmjs.org/react-content-loader/-/react-content-loader-5.1.3.tgz",
      "integrity": "sha512-OZ95FmbcXx07avgPOf4A/S0/WFv3yWXR+u6wmD/0MQ39X2XKIpNYClnJD4OkSZTk0VfBawq2SR64B9GcqiRG0A=="
    },
    "react-is": {
      "version": "16.13.1",
      "resolved": "https://registry.npmjs.org/react-is/-/react-is-16.13.1.tgz",
      "integrity": "sha512-24e6ynE2H+OKt4kqsOvNd8kBpV65zoxbA4BVsEOB3ARVWQki/DHzaUoC5KuON/BiccDaCCTZBuOcfZs70kR8bQ=="
    },
    "react-lifecycles-compat": {
      "version": "3.0.4",
      "resolved": "https://registry.npmjs.org/react-lifecycles-compat/-/react-lifecycles-compat-3.0.4.tgz",
      "integrity": "sha512-fBASbA6LnOU9dOU2eW7aQ8xmYBSXUIWr+UmF9b1efZBazGNO+rcXT/icdKnYm2pTwcRylVUYwW7H1PHfLekVzA=="
    },
    "react-resize-detector": {
      "version": "4.2.3",
      "resolved": "https://registry.npmjs.org/react-resize-detector/-/react-resize-detector-4.2.3.tgz",
      "integrity": "sha512-4AeS6lxdz2KOgDZaOVt1duoDHrbYwSrUX32KeM9j6t9ISyRphoJbTRCMS1aPFxZHFqcCGLT1gMl3lEcSWZNW0A==",
      "requires": {
        "lodash": "^4.17.15",
        "lodash-es": "^4.17.15",
        "prop-types": "^15.7.2",
        "raf-schd": "^4.0.2",
        "resize-observer-polyfill": "^1.5.1"
      }
    },
    "react-router": {
      "version": "5.2.0",
      "resolved": "https://registry.npmjs.org/react-router/-/react-router-5.2.0.tgz",
      "integrity": "sha512-smz1DUuFHRKdcJC0jobGo8cVbhO3x50tCL4icacOlcwDOEQPq4TMqwx3sY1TP+DvtTgz4nm3thuo7A+BK2U0Dw==",
      "requires": {
        "@babel/runtime": "^7.1.2",
        "history": "^4.9.0",
        "hoist-non-react-statics": "^3.1.0",
        "loose-envify": "^1.3.1",
        "mini-create-react-context": "^0.4.0",
        "path-to-regexp": "^1.7.0",
        "prop-types": "^15.6.2",
        "react-is": "^16.6.0",
        "tiny-invariant": "^1.0.2",
        "tiny-warning": "^1.0.0"
      }
    },
    "react-router-dom": {
      "version": "5.2.0",
      "resolved": "https://registry.npmjs.org/react-router-dom/-/react-router-dom-5.2.0.tgz",
      "integrity": "sha512-gxAmfylo2QUjcwxI63RhQ5G85Qqt4voZpUXSEqCwykV0baaOTQDR1f0PmY8AELqIyVc0NEZUj0Gov5lNGcXgsA==",
      "requires": {
        "@babel/runtime": "^7.1.2",
        "history": "^4.9.0",
        "loose-envify": "^1.3.1",
        "prop-types": "^15.6.2",
        "react-router": "5.2.0",
        "tiny-invariant": "^1.0.2",
        "tiny-warning": "^1.0.0"
      }
    },
    "react-smooth": {
      "version": "1.0.5",
      "resolved": "https://registry.npmjs.org/react-smooth/-/react-smooth-1.0.5.tgz",
      "integrity": "sha512-eW057HT0lFgCKh8ilr0y2JaH2YbNcuEdFpxyg7Gf/qDKk9hqGMyXryZJ8iMGJEuKH0+wxS0ccSsBBB3W8yCn8w==",
      "requires": {
        "lodash": "~4.17.4",
        "prop-types": "^15.6.0",
        "raf": "^3.4.0",
        "react-transition-group": "^2.5.0"
      }
    },
    "react-transition-group": {
      "version": "2.9.0",
      "resolved": "https://registry.npmjs.org/react-transition-group/-/react-transition-group-2.9.0.tgz",
      "integrity": "sha512-+HzNTCHpeQyl4MJ/bdE0u6XRMe9+XG/+aL4mCxVN4DnPBQ0/5bfHWPDuOZUzYdMj94daZaZdCCc1Dzt9R/xSSg==",
      "requires": {
        "dom-helpers": "^3.4.0",
        "loose-envify": "^1.4.0",
        "prop-types": "^15.6.2",
        "react-lifecycles-compat": "^3.0.4"
      }
    },
    "recharts": {
      "version": "2.0.0-beta.7",
      "resolved": "https://registry.npmjs.org/recharts/-/recharts-2.0.0-beta.7.tgz",
      "integrity": "sha512-dt4+KwBwRx4ed5mGg+rBMCBRxbQiMVGdyL9nhoaumB2StH/HCau8XRmOfgAI5ZmyBBW7NkiACZMPX5+X05pAsw==",
      "requires": {
        "classnames": "^2.2.5",
        "core-js": "^3.4.2",
        "d3-interpolate": "^1.3.0",
        "d3-scale": "^3.1.0",
        "d3-shape": "^1.3.5",
        "eventemitter3": "^4.0.1",
        "lodash": "^4.17.19",
        "react-resize-detector": "^4.2.1",
        "react-smooth": "^1.0.5",
        "recharts-scale": "^0.4.2",
        "reduce-css-calc": "^2.1.7"
      }
    },
    "recharts-scale": {
      "version": "0.4.3",
      "resolved": "https://registry.npmjs.org/recharts-scale/-/recharts-scale-0.4.3.tgz",
      "integrity": "sha512-t8p5sccG9Blm7c1JQK/ak9O8o95WGhNXD7TXg/BW5bYbVlr6eCeRBNpgyigD4p6pSSMehC5nSvBUPj6F68rbFA==",
      "requires": {
        "decimal.js-light": "^2.4.1"
      }
    },
    "reduce-css-calc": {
      "version": "2.1.7",
      "resolved": "https://registry.npmjs.org/reduce-css-calc/-/reduce-css-calc-2.1.7.tgz",
      "integrity": "sha512-fDnlZ+AybAS3C7Q9xDq5y8A2z+lT63zLbynew/lur/IR24OQF5x98tfNwf79mzEdfywZ0a2wpM860FhFfMxZlA==",
      "requires": {
        "css-unit-converter": "^1.1.1",
        "postcss-value-parser": "^3.3.0"
      }
    },
    "regenerator-runtime": {
      "version": "0.13.7",
      "resolved": "https://registry.npmjs.org/regenerator-runtime/-/regenerator-runtime-0.13.7.tgz",
      "integrity": "sha512-a54FxoJDIr27pgf7IgeQGxmqUNYrcV338lf/6gH456HZ/PhX+5BcwHXG9ajESmwe6WRO0tAzRUrRmNONWgkrew=="
    },
    "resize-observer-polyfill": {
      "version": "1.5.1",
      "resolved": "https://registry.npmjs.org/resize-observer-polyfill/-/resize-observer-polyfill-1.5.1.tgz",
      "integrity": "sha512-LwZrotdHOo12nQuZlHEmtuXdqGoOD0OhaxopaNFxWzInpEgaLWoVuAMbTzixuosCx2nEG58ngzW3vxdWoxIgdg=="
    },
    "resolve-pathname": {
      "version": "3.0.0",
      "resolved": "https://registry.npmjs.org/resolve-pathname/-/resolve-pathname-3.0.0.tgz",
      "integrity": "sha512-C7rARubxI8bXFNB/hqcp/4iUeIXJhJZvFPFPiSPRnhU5UPxzMFIl+2E6yY6c4k9giDJAhtV+enfA+G89N6Csng=="
    },
    "smoothscroll-polyfill": {
      "version": "0.4.4",
      "resolved": "https://registry.npmjs.org/smoothscroll-polyfill/-/smoothscroll-polyfill-0.4.4.tgz",
      "integrity": "sha512-TK5ZA9U5RqCwMpfoMq/l1mrH0JAR7y7KRvOBx0n2869aLxch+gT9GhN3yUfjiw+d/DiF1mKo14+hd62JyMmoBg=="
    },
    "tiny-invariant": {
      "version": "1.1.0",
      "resolved": "https://registry.npmjs.org/tiny-invariant/-/tiny-invariant-1.1.0.tgz",
      "integrity": "sha512-ytxQvrb1cPc9WBEI/HSeYYoGD0kWnGEOR8RY6KomWLBVhqz0RgTwVO9dLrGz7dC+nN9llyI7OKAgRq8Vq4ZBSw=="
    },
    "tiny-warning": {
      "version": "1.0.3",
      "resolved": "https://registry.npmjs.org/tiny-warning/-/tiny-warning-1.0.3.tgz",
      "integrity": "sha512-lBN9zLN/oAf68o3zNXYrdCt1kP8WsiGW8Oo2ka41b2IM5JL/S1CTyX1rW0mb/zSuJun0ZUrDxx4sqvYS2FWzPA=="
    },
    "tslib": {
      "version": "1.14.1",
      "resolved": "https://registry.npmjs.org/tslib/-/tslib-1.14.1.tgz",
      "integrity": "sha512-Xni35NKzjgMrwevysHTCArtLDpPvye8zV/0E4EyYn43P7/7qvQwPh9BGkHewbMulVntbigmcT7rdX3BNo9wRJg=="
    },
    "value-equal": {
      "version": "1.0.1",
      "resolved": "https://registry.npmjs.org/value-equal/-/value-equal-1.0.1.tgz",
      "integrity": "sha512-NOJ6JZCAWr0zlxZt+xqCHNTEKOsrks2HQd4MqhP1qy4z1SkbEP467eNx6TgDKXMvUOb+OENfJCZwM+16n7fRfw=="
    }
  }
}
